
Microsoft Visual Studio Solution File, Format Version 12.00
# Visual Studio Version 17
VisualStudioVersion = 17.9.34723.18
MinimumVisualStudioVersion = 10.0.40219.1
Project("{FAE04EC0-301F-11D3-BF4B-00C04F79EFBC}") = "0413-S3-Encapsulation", "0413-S3-Encapsulation.csproj", "{57A73C9A-A2C1-4FF5-ACAB-09ABA074DF49}"
EndProject
Global
	GlobalSection(SolutionConfigurationPlatforms) = preSolution
		Debug|Any CPU = Debug|Any CPU
		Release|Any CPU = Release|Any CPU
	EndGlobalSection
	GlobalSection(ProjectConfigurationPlatforms) = postSolution
		{57A73C9A-A2C1-4FF5-ACAB-09ABA074DF49}.Debug|Any CPU.ActiveCfg = Debug|Any CPU
		{57A73C9A-A2C1-4FF5-ACAB-09ABA074DF49}.Debug|Any CPU.Build.0 = Debug|Any CPU
		{57A73C9A-A2C1-4FF5-ACAB-09ABA074DF49}.Release|Any CPU.ActiveCfg = Release|Any CPU
		{57A73C9A-A2C1-4FF5-ACAB-09ABA074DF49}.Release|Any CPU.Build.0 = Release|Any CPU
	EndGlobalSection
	GlobalSection(SolutionProperties) = preSolution
		HideSolutionNode = FALSE
	EndGlobalSection
	GlobalSection(ExtensibilityGlobals) = postSolution
		SolutionGuid = {B952C022-61BF-490F-8409-6C6753F87F53}
	EndGlobalSection
EndGlobal
